
Microsoft Visual Studio Solution File, Format Version 12.00
# Visual Studio Version 17
VisualStudioVersion = 17.4.33213.308
MinimumVisualStudioVersion = 10.0.40219.1
Project("{FAE04EC0-301F-11D3-BF4B-00C04F79EFBC}") = "2022-04-ALGI-WEB04-exemplo03", "2022-04-ALGI-WEB04-exemplo03\2022-04-ALGI-WEB04-exemplo03.csproj", "{D29EC5FD-A1A1-44BD-AEAB-353FEEF2E17A}"
EndProject
Global
	GlobalSection(SolutionConfigurationPlatforms) = preSolution
		Debug|Any CPU = Debug|Any CPU
		Release|Any CPU = Release|Any CPU
	EndGlobalSection
	GlobalSection(ProjectConfigurationPlatforms) = postSolution
		{D29EC5FD-A1A1-44BD-AEAB-353FEEF2E17A}.Debug|Any CPU.ActiveCfg = Debug|Any CPU
		{D29EC5FD-A1A1-44BD-AEAB-353FEEF2E17A}.Debug|Any CPU.Build.0 = Debug|Any CPU
		{D29EC5FD-A1A1-44BD-AEAB-353FEEF2E17A}.Release|Any CPU.ActiveCfg = Release|Any CPU
		{D29EC5FD-A1A1-44BD-AEAB-353FEEF2E17A}.Release|Any CPU.Build.0 = Release|Any CPU
	EndGlobalSection
	GlobalSection(SolutionProperties) = preSolution
		HideSolutionNode = FALSE
	EndGlobalSection
	GlobalSection(ExtensibilityGlobals) = postSolution
		SolutionGuid = {B69813BA-D288-48CD-9E68-ADD1F808201D}
	EndGlobalSection
EndGlobal
