
Microsoft Visual Studio Solution File, Format Version 12.00
# Visual Studio Version 17
VisualStudioVersion = 17.4.33213.308
MinimumVisualStudioVersion = 10.0.40219.1
Project("{FAE04EC0-301F-11D3-BF4B-00C04F79EFBC}") = "2022-04-ALGI-WEB05-exemplo03", "2022-04-ALGI-WEB05-exemplo03\2022-04-ALGI-WEB05-exemplo03.csproj", "{00FFE2B0-5D0C-46BC-85E2-3A4FCD619BE6}"
EndProject
Global
	GlobalSection(SolutionConfigurationPlatforms) = preSolution
		Debug|Any CPU = Debug|Any CPU
		Release|Any CPU = Release|Any CPU
	EndGlobalSection
	GlobalSection(ProjectConfigurationPlatforms) = postSolution
		{00FFE2B0-5D0C-46BC-85E2-3A4FCD619BE6}.Debug|Any CPU.ActiveCfg = Debug|Any CPU
		{00FFE2B0-5D0C-46BC-85E2-3A4FCD619BE6}.Debug|Any CPU.Build.0 = Debug|Any CPU
		{00FFE2B0-5D0C-46BC-85E2-3A4FCD619BE6}.Release|Any CPU.ActiveCfg = Release|Any CPU
		{00FFE2B0-5D0C-46BC-85E2-3A4FCD619BE6}.Release|Any CPU.Build.0 = Release|Any CPU
	EndGlobalSection
	GlobalSection(SolutionProperties) = preSolution
		HideSolutionNode = FALSE
	EndGlobalSection
	GlobalSection(ExtensibilityGlobals) = postSolution
		SolutionGuid = {ECB07872-4EAF-4AD7-95DD-6C874CFE7E15}
	EndGlobalSection
EndGlobal
