
Microsoft Visual Studio Solution File, Format Version 12.00
# Visual Studio Version 17
VisualStudioVersion = 17.4.33213.308
MinimumVisualStudioVersion = 10.0.40219.1
Project("{FAE04EC0-301F-11D3-BF4B-00C04F79EFBC}") = "HelloWorld", "HelloWorld\HelloWorld.csproj", "{40549DA2-424D-4D89-8F27-43CC2EF3BF60}"
EndProject
Global
	GlobalSection(SolutionConfigurationPlatforms) = preSolution
		Debug|Any CPU = Debug|Any CPU
		Release|Any CPU = Release|Any CPU
	EndGlobalSection
	GlobalSection(ProjectConfigurationPlatforms) = postSolution
		{40549DA2-424D-4D89-8F27-43CC2EF3BF60}.Debug|Any CPU.ActiveCfg = Debug|Any CPU
		{40549DA2-424D-4D89-8F27-43CC2EF3BF60}.Debug|Any CPU.Build.0 = Debug|Any CPU
		{40549DA2-424D-4D89-8F27-43CC2EF3BF60}.Release|Any CPU.ActiveCfg = Release|Any CPU
		{40549DA2-424D-4D89-8F27-43CC2EF3BF60}.Release|Any CPU.Build.0 = Release|Any CPU
	EndGlobalSection
	GlobalSection(SolutionProperties) = preSolution
		HideSolutionNode = FALSE
	EndGlobalSection
	GlobalSection(ExtensibilityGlobals) = postSolution
		SolutionGuid = {88B02FE6-1BD7-4A60-B0C6-80CAB8696C5D}
	EndGlobalSection
EndGlobal
