
Microsoft Visual Studio Solution File, Format Version 12.00
# Visual Studio Version 17
VisualStudioVersion = 17.4.33213.308
MinimumVisualStudioVersion = 10.0.40219.1
Project("{FAE04EC0-301F-11D3-BF4B-00C04F79EFBC}") = "2022-04-ALGI-WEB03-exemplo05", "2022-04-ALGI-WEB03-exemplo05\2022-04-ALGI-WEB03-exemplo05.csproj", "{41C3C61D-73CC-454F-AB52-B97725F47C9D}"
EndProject
Global
	GlobalSection(SolutionConfigurationPlatforms) = preSolution
		Debug|Any CPU = Debug|Any CPU
		Release|Any CPU = Release|Any CPU
	EndGlobalSection
	GlobalSection(ProjectConfigurationPlatforms) = postSolution
		{41C3C61D-73CC-454F-AB52-B97725F47C9D}.Debug|Any CPU.ActiveCfg = Debug|Any CPU
		{41C3C61D-73CC-454F-AB52-B97725F47C9D}.Debug|Any CPU.Build.0 = Debug|Any CPU
		{41C3C61D-73CC-454F-AB52-B97725F47C9D}.Release|Any CPU.ActiveCfg = Release|Any CPU
		{41C3C61D-73CC-454F-AB52-B97725F47C9D}.Release|Any CPU.Build.0 = Release|Any CPU
	EndGlobalSection
	GlobalSection(SolutionProperties) = preSolution
		HideSolutionNode = FALSE
	EndGlobalSection
	GlobalSection(ExtensibilityGlobals) = postSolution
		SolutionGuid = {4DF9A223-8CDC-477D-AF1F-6418C2AA822B}
	EndGlobalSection
EndGlobal
