
Microsoft Visual Studio Solution File, Format Version 12.00
# Visual Studio Version 17
VisualStudioVersion = 17.4.33213.308
MinimumVisualStudioVersion = 10.0.40219.1
Project("{FAE04EC0-301F-11D3-BF4B-00C04F79EFBC}") = "2022-04-ALGI-WEB05-exemplo02", "2022-04-ALGI-WEB05-exemplo02\2022-04-ALGI-WEB05-exemplo02.csproj", "{F2034FAC-C40A-4D06-9F6F-C25DB49AF420}"
EndProject
Global
	GlobalSection(SolutionConfigurationPlatforms) = preSolution
		Debug|Any CPU = Debug|Any CPU
		Release|Any CPU = Release|Any CPU
	EndGlobalSection
	GlobalSection(ProjectConfigurationPlatforms) = postSolution
		{F2034FAC-C40A-4D06-9F6F-C25DB49AF420}.Debug|Any CPU.ActiveCfg = Debug|Any CPU
		{F2034FAC-C40A-4D06-9F6F-C25DB49AF420}.Debug|Any CPU.Build.0 = Debug|Any CPU
		{F2034FAC-C40A-4D06-9F6F-C25DB49AF420}.Release|Any CPU.ActiveCfg = Release|Any CPU
		{F2034FAC-C40A-4D06-9F6F-C25DB49AF420}.Release|Any CPU.Build.0 = Release|Any CPU
	EndGlobalSection
	GlobalSection(SolutionProperties) = preSolution
		HideSolutionNode = FALSE
	EndGlobalSection
	GlobalSection(ExtensibilityGlobals) = postSolution
		SolutionGuid = {E84EBD93-A215-4160-A7C6-9EC3D1B4D65F}
	EndGlobalSection
EndGlobal
